
Microsoft Visual Studio Solution File, Format Version 12.00
# Visual Studio Version 17
VisualStudioVersion = 17.11.35222.181
MinimumVisualStudioVersion = 10.0.40219.1
Project("{FAE04EC0-301F-11D3-BF4B-00C04F79EFBC}") = "FragrantWorld", "FragrantWorld\FragrantWorld.csproj", "{7505BCD9-E9FE-49AD-A93D-07F470CB0743}"
EndProject
Global
	GlobalSection(SolutionConfigurationPlatforms) = preSolution
		Debug|Any CPU = Debug|Any CPU
		Release|Any CPU = Release|Any CPU
	EndGlobalSection
	GlobalSection(ProjectConfigurationPlatforms) = postSolution
		{7505BCD9-E9FE-49AD-A93D-07F470CB0743}.Debug|Any CPU.ActiveCfg = Debug|Any CPU
		{7505BCD9-E9FE-49AD-A93D-07F470CB0743}.Debug|Any CPU.Build.0 = Debug|Any CPU
		{7505BCD9-E9FE-49AD-A93D-07F470CB0743}.Release|Any CPU.ActiveCfg = Release|Any CPU
		{7505BCD9-E9FE-49AD-A93D-07F470CB0743}.Release|Any CPU.Build.0 = Release|Any CPU
	EndGlobalSection
	GlobalSection(SolutionProperties) = preSolution
		HideSolutionNode = FALSE
	EndGlobalSection
	GlobalSection(ExtensibilityGlobals) = postSolution
		SolutionGuid = {C944B602-A3C9-409D-BD3D-C574FA7E5CF0}
	EndGlobalSection
EndGlobal
